
Microsoft Visual Studio Solution File, Format Version 12.00
# Visual Studio Version 17
VisualStudioVersion = 17.3.32929.385
MinimumVisualStudioVersion = 10.0.40219.1
Project("{FAE04EC0-301F-11D3-BF4B-00C04F79EFBC}") = "ce205-hw4-algo", "ce205-hw4-algo\ce205-hw4-algo.csproj", "{9EF580AD-D95F-4817-BD30-E70087EB4CA8}"
EndProject
Project("{FAE04EC0-301F-11D3-BF4B-00C04F79EFBC}") = "ce205-hw4-test", "ce205-hw4-test\ce205-hw4-test.csproj", "{53AFD0D5-C2BD-48C8-9A07-CDCEF61B7533}"
EndProject
Project("{FAE04EC0-301F-11D3-BF4B-00C04F79EFBC}") = "ce205-hw4-gui", "ce205-hw4-gui\ce205-hw4-gui.csproj", "{7E7ACE64-056F-42DC-8F4A-DA68AFF89D76}"
EndProject
Global
	GlobalSection(SolutionConfigurationPlatforms) = preSolution
		Debug|Any CPU = Debug|Any CPU
		Release|Any CPU = Release|Any CPU
	EndGlobalSection
	GlobalSection(ProjectConfigurationPlatforms) = postSolution
		{9EF580AD-D95F-4817-BD30-E70087EB4CA8}.Debug|Any CPU.ActiveCfg = Debug|Any CPU
		{9EF580AD-D95F-4817-BD30-E70087EB4CA8}.Debug|Any CPU.Build.0 = Debug|Any CPU
		{9EF580AD-D95F-4817-BD30-E70087EB4CA8}.Release|Any CPU.ActiveCfg = Release|Any CPU
		{9EF580AD-D95F-4817-BD30-E70087EB4CA8}.Release|Any CPU.Build.0 = Release|Any CPU
		{53AFD0D5-C2BD-48C8-9A07-CDCEF61B7533}.Debug|Any CPU.ActiveCfg = Debug|Any CPU
		{53AFD0D5-C2BD-48C8-9A07-CDCEF61B7533}.Debug|Any CPU.Build.0 = Debug|Any CPU
		{53AFD0D5-C2BD-48C8-9A07-CDCEF61B7533}.Release|Any CPU.ActiveCfg = Release|Any CPU
		{53AFD0D5-C2BD-48C8-9A07-CDCEF61B7533}.Release|Any CPU.Build.0 = Release|Any CPU
		{7E7ACE64-056F-42DC-8F4A-DA68AFF89D76}.Debug|Any CPU.ActiveCfg = Debug|Any CPU
		{7E7ACE64-056F-42DC-8F4A-DA68AFF89D76}.Debug|Any CPU.Build.0 = Debug|Any CPU
		{7E7ACE64-056F-42DC-8F4A-DA68AFF89D76}.Release|Any CPU.ActiveCfg = Release|Any CPU
		{7E7ACE64-056F-42DC-8F4A-DA68AFF89D76}.Release|Any CPU.Build.0 = Release|Any CPU
	EndGlobalSection
	GlobalSection(SolutionProperties) = preSolution
		HideSolutionNode = FALSE
	EndGlobalSection
	GlobalSection(ExtensibilityGlobals) = postSolution
		SolutionGuid = {3F353FC2-2914-46AC-87E4-D59488A2B776}
	EndGlobalSection
EndGlobal
